
Microsoft Visual Studio Solution File, Format Version 12.00
# Visual Studio Version 17
VisualStudioVersion = 17.2.32630.192
MinimumVisualStudioVersion = 10.0.40219.1
Project("{F184B08F-C81C-45F6-A57F-5ABD9991F28F}") = "SelectiveMedia", "SelectiveMedia\SelectiveMedia.vbproj", "{35F13FC5-CB21-47E0-8453-F7AB5D378B68}"
EndProject
Project("{54435603-DBB4-11D2-8724-00A0C9A8B90C}") = "Setup1", "Setup1\Setup1.vdproj", "{6427E171-536A-46D3-82D6-0A46AFF09C57}"
EndProject
Project("{FAE04EC0-301F-11D3-BF4B-00C04F79EFBC}") = "SelectiveMediaService", "SelectiveMediaService\SelectiveMediaService.csproj", "{E0BEB8E2-2AD9-4CA5-B718-AA95EAE01A37}"
EndProject
Global
	GlobalSection(SolutionConfigurationPlatforms) = preSolution
		CD_ROM|Any CPU = CD_ROM|Any CPU
		Debug|Any CPU = Debug|Any CPU
		DVD-5|Any CPU = DVD-5|Any CPU
		Release|Any CPU = Release|Any CPU
		SingleImage|Any CPU = SingleImage|Any CPU
	EndGlobalSection
	GlobalSection(ProjectConfigurationPlatforms) = postSolution
		{35F13FC5-CB21-47E0-8453-F7AB5D378B68}.CD_ROM|Any CPU.ActiveCfg = Release|Any CPU
		{35F13FC5-CB21-47E0-8453-F7AB5D378B68}.CD_ROM|Any CPU.Build.0 = Release|Any CPU
		{35F13FC5-CB21-47E0-8453-F7AB5D378B68}.Debug|Any CPU.ActiveCfg = Debug|Any CPU
		{35F13FC5-CB21-47E0-8453-F7AB5D378B68}.Debug|Any CPU.Build.0 = Debug|Any CPU
		{35F13FC5-CB21-47E0-8453-F7AB5D378B68}.DVD-5|Any CPU.ActiveCfg = Debug|Any CPU
		{35F13FC5-CB21-47E0-8453-F7AB5D378B68}.DVD-5|Any CPU.Build.0 = Debug|Any CPU
		{35F13FC5-CB21-47E0-8453-F7AB5D378B68}.Release|Any CPU.ActiveCfg = Release|Any CPU
		{35F13FC5-CB21-47E0-8453-F7AB5D378B68}.Release|Any CPU.Build.0 = Release|Any CPU
		{35F13FC5-CB21-47E0-8453-F7AB5D378B68}.SingleImage|Any CPU.ActiveCfg = Release|Any CPU
		{35F13FC5-CB21-47E0-8453-F7AB5D378B68}.SingleImage|Any CPU.Build.0 = Release|Any CPU
		{6427E171-536A-46D3-82D6-0A46AFF09C57}.CD_ROM|Any CPU.ActiveCfg = Debug
		{6427E171-536A-46D3-82D6-0A46AFF09C57}.CD_ROM|Any CPU.Build.0 = Debug
		{6427E171-536A-46D3-82D6-0A46AFF09C57}.Debug|Any CPU.ActiveCfg = Debug
		{6427E171-536A-46D3-82D6-0A46AFF09C57}.Debug|Any CPU.Build.0 = Debug
		{6427E171-536A-46D3-82D6-0A46AFF09C57}.DVD-5|Any CPU.ActiveCfg = Debug
		{6427E171-536A-46D3-82D6-0A46AFF09C57}.DVD-5|Any CPU.Build.0 = Debug
		{6427E171-536A-46D3-82D6-0A46AFF09C57}.Release|Any CPU.ActiveCfg = Release
		{6427E171-536A-46D3-82D6-0A46AFF09C57}.Release|Any CPU.Build.0 = Release
		{6427E171-536A-46D3-82D6-0A46AFF09C57}.SingleImage|Any CPU.ActiveCfg = Debug
		{6427E171-536A-46D3-82D6-0A46AFF09C57}.SingleImage|Any CPU.Build.0 = Debug
		{E0BEB8E2-2AD9-4CA5-B718-AA95EAE01A37}.CD_ROM|Any CPU.ActiveCfg = Release|Any CPU
		{E0BEB8E2-2AD9-4CA5-B718-AA95EAE01A37}.CD_ROM|Any CPU.Build.0 = Release|Any CPU
		{E0BEB8E2-2AD9-4CA5-B718-AA95EAE01A37}.Debug|Any CPU.ActiveCfg = Debug|Any CPU
		{E0BEB8E2-2AD9-4CA5-B718-AA95EAE01A37}.Debug|Any CPU.Build.0 = Debug|Any CPU
		{E0BEB8E2-2AD9-4CA5-B718-AA95EAE01A37}.DVD-5|Any CPU.ActiveCfg = Release|Any CPU
		{E0BEB8E2-2AD9-4CA5-B718-AA95EAE01A37}.DVD-5|Any CPU.Build.0 = Release|Any CPU
		{E0BEB8E2-2AD9-4CA5-B718-AA95EAE01A37}.Release|Any CPU.ActiveCfg = Release|Any CPU
		{E0BEB8E2-2AD9-4CA5-B718-AA95EAE01A37}.Release|Any CPU.Build.0 = Release|Any CPU
		{E0BEB8E2-2AD9-4CA5-B718-AA95EAE01A37}.SingleImage|Any CPU.ActiveCfg = Release|Any CPU
		{E0BEB8E2-2AD9-4CA5-B718-AA95EAE01A37}.SingleImage|Any CPU.Build.0 = Release|Any CPU
	EndGlobalSection
	GlobalSection(SolutionProperties) = preSolution
		HideSolutionNode = FALSE
	EndGlobalSection
	GlobalSection(ExtensibilityGlobals) = postSolution
		SolutionGuid = {9EE022D4-14BE-468D-9F5A-63C381D29068}
	EndGlobalSection
EndGlobal
